
Microsoft Visual Studio Solution File, Format Version 12.00
# Visual Studio Version 17
VisualStudioVersion = 17.3.32901.215
MinimumVisualStudioVersion = 10.0.40219.1
Project("{8BC9CEB8-8B4A-11D0-8D11-00A0C91BC942}") = "ConsoleApplication9", "ConsoleApplication9\ConsoleApplication9.vcxproj", "{75A51BA5-E4E4-4F15-991D-C1E46175224B}"
EndProject
Global
	GlobalSection(SolutionConfigurationPlatforms) = preSolution
		Debug|x64 = Debug|x64
		Debug|x86 = Debug|x86
		Release|x64 = Release|x64
		Release|x86 = Release|x86
	EndGlobalSection
	GlobalSection(ProjectConfigurationPlatforms) = postSolution
		{75A51BA5-E4E4-4F15-991D-C1E46175224B}.Debug|x64.ActiveCfg = Debug|x64
		{75A51BA5-E4E4-4F15-991D-C1E46175224B}.Debug|x64.Build.0 = Debug|x64
		{75A51BA5-E4E4-4F15-991D-C1E46175224B}.Debug|x86.ActiveCfg = Debug|Win32
		{75A51BA5-E4E4-4F15-991D-C1E46175224B}.Debug|x86.Build.0 = Debug|Win32
		{75A51BA5-E4E4-4F15-991D-C1E46175224B}.Release|x64.ActiveCfg = Release|x64
		{75A51BA5-E4E4-4F15-991D-C1E46175224B}.Release|x64.Build.0 = Release|x64
		{75A51BA5-E4E4-4F15-991D-C1E46175224B}.Release|x86.ActiveCfg = Release|Win32
		{75A51BA5-E4E4-4F15-991D-C1E46175224B}.Release|x86.Build.0 = Release|Win32
	EndGlobalSection
	GlobalSection(SolutionProperties) = preSolution
		HideSolutionNode = FALSE
	EndGlobalSection
	GlobalSection(ExtensibilityGlobals) = postSolution
		SolutionGuid = {AA951881-CF99-4BEB-A288-C159897D360E}
	EndGlobalSection
EndGlobal
