
Microsoft Visual Studio Solution File, Format Version 12.00
# Visual Studio Version 17
VisualStudioVersion = 17.3.32901.215
MinimumVisualStudioVersion = 10.0.40219.1
Project("{8BC9CEB8-8B4A-11D0-8D11-00A0C91BC942}") = "Task1", "Task1\Task1.vcxproj", "{7A969DCE-0351-4165-AB9E-793E264B50E9}"
EndProject
Project("{8BC9CEB8-8B4A-11D0-8D11-00A0C91BC942}") = "Task2", "Task2\Task2.vcxproj", "{E13B724C-CF05-46C2-BCA5-676A00059B71}"
EndProject
Project("{8BC9CEB8-8B4A-11D0-8D11-00A0C91BC942}") = "Task3", "Task3\Task3.vcxproj", "{E3D270D5-9DC3-4196-BA4F-111EC51AEC0B}"
EndProject
Project("{8BC9CEB8-8B4A-11D0-8D11-00A0C91BC942}") = "Task4", "Task4\Task4.vcxproj", "{3DE4F074-B022-4535-9061-4A9F9E0B40A2}"
EndProject
Project("{8BC9CEB8-8B4A-11D0-8D11-00A0C91BC942}") = "Task5", "Task5\Task5.vcxproj", "{D1871403-58DE-4A92-BEDF-A2EA1897138E}"
EndProject
Project("{8BC9CEB8-8B4A-11D0-8D11-00A0C91BC942}") = "Task6", "Task6\Task6.vcxproj", "{8E97B271-F4C9-40A8-9D76-0C7C2D1CA2A4}"
EndProject
Project("{8BC9CEB8-8B4A-11D0-8D11-00A0C91BC942}") = "Task7", "Task7\Task7.vcxproj", "{C82BD99F-2B52-4D40-ACED-84A434101C8A}"
EndProject
Project("{8BC9CEB8-8B4A-11D0-8D11-00A0C91BC942}") = "Task8", "Task8\Task8.vcxproj", "{778C344D-0ED0-45FD-9777-D892F2AA48FF}"
EndProject
Project("{2150E333-8FDC-42A3-9474-1A3956D46DE8}") = "Элементы решения", "Элементы решения", "{4FDADC5A-FA97-4AA2-BE25-1EA1B10A8394}"
	ProjectSection(SolutionItems) = preProject
		TextFile1.txt = TextFile1.txt
	EndProjectSection
EndProject
Project("{8BC9CEB8-8B4A-11D0-8D11-00A0C91BC942}") = "Task9", "Task9\Task9.vcxproj", "{9589BE7A-1629-49CC-A593-FBFB0F7BDAD4}"
EndProject
Project("{8BC9CEB8-8B4A-11D0-8D11-00A0C91BC942}") = "Task10", "Task10\Task10.vcxproj", "{BC5D9426-81B4-4EC3-8837-A2B76C943E5F}"
EndProject
Global
	GlobalSection(SolutionConfigurationPlatforms) = preSolution
		Debug|x64 = Debug|x64
		Debug|x86 = Debug|x86
		Release|x64 = Release|x64
		Release|x86 = Release|x86
	EndGlobalSection
	GlobalSection(ProjectConfigurationPlatforms) = postSolution
		{7A969DCE-0351-4165-AB9E-793E264B50E9}.Debug|x64.ActiveCfg = Debug|x64
		{7A969DCE-0351-4165-AB9E-793E264B50E9}.Debug|x64.Build.0 = Debug|x64
		{7A969DCE-0351-4165-AB9E-793E264B50E9}.Debug|x86.ActiveCfg = Debug|Win32
		{7A969DCE-0351-4165-AB9E-793E264B50E9}.Debug|x86.Build.0 = Debug|Win32
		{7A969DCE-0351-4165-AB9E-793E264B50E9}.Release|x64.ActiveCfg = Release|x64
		{7A969DCE-0351-4165-AB9E-793E264B50E9}.Release|x64.Build.0 = Release|x64
		{7A969DCE-0351-4165-AB9E-793E264B50E9}.Release|x86.ActiveCfg = Release|Win32
		{7A969DCE-0351-4165-AB9E-793E264B50E9}.Release|x86.Build.0 = Release|Win32
		{E13B724C-CF05-46C2-BCA5-676A00059B71}.Debug|x64.ActiveCfg = Debug|x64
		{E13B724C-CF05-46C2-BCA5-676A00059B71}.Debug|x64.Build.0 = Debug|x64
		{E13B724C-CF05-46C2-BCA5-676A00059B71}.Debug|x86.ActiveCfg = Debug|Win32
		{E13B724C-CF05-46C2-BCA5-676A00059B71}.Debug|x86.Build.0 = Debug|Win32
		{E13B724C-CF05-46C2-BCA5-676A00059B71}.Release|x64.ActiveCfg = Release|x64
		{E13B724C-CF05-46C2-BCA5-676A00059B71}.Release|x64.Build.0 = Release|x64
		{E13B724C-CF05-46C2-BCA5-676A00059B71}.Release|x86.ActiveCfg = Release|Win32
		{E13B724C-CF05-46C2-BCA5-676A00059B71}.Release|x86.Build.0 = Release|Win32
		{E3D270D5-9DC3-4196-BA4F-111EC51AEC0B}.Debug|x64.ActiveCfg = Debug|x64
		{E3D270D5-9DC3-4196-BA4F-111EC51AEC0B}.Debug|x64.Build.0 = Debug|x64
		{E3D270D5-9DC3-4196-BA4F-111EC51AEC0B}.Debug|x86.ActiveCfg = Debug|Win32
		{E3D270D5-9DC3-4196-BA4F-111EC51AEC0B}.Debug|x86.Build.0 = Debug|Win32
		{E3D270D5-9DC3-4196-BA4F-111EC51AEC0B}.Release|x64.ActiveCfg = Release|x64
		{E3D270D5-9DC3-4196-BA4F-111EC51AEC0B}.Release|x64.Build.0 = Release|x64
		{E3D270D5-9DC3-4196-BA4F-111EC51AEC0B}.Release|x86.ActiveCfg = Release|Win32
		{E3D270D5-9DC3-4196-BA4F-111EC51AEC0B}.Release|x86.Build.0 = Release|Win32
		{3DE4F074-B022-4535-9061-4A9F9E0B40A2}.Debug|x64.ActiveCfg = Debug|x64
		{3DE4F074-B022-4535-9061-4A9F9E0B40A2}.Debug|x64.Build.0 = Debug|x64
		{3DE4F074-B022-4535-9061-4A9F9E0B40A2}.Debug|x86.ActiveCfg = Debug|Win32
		{3DE4F074-B022-4535-9061-4A9F9E0B40A2}.Debug|x86.Build.0 = Debug|Win32
		{3DE4F074-B022-4535-9061-4A9F9E0B40A2}.Release|x64.ActiveCfg = Release|x64
		{3DE4F074-B022-4535-9061-4A9F9E0B40A2}.Release|x64.Build.0 = Release|x64
		{3DE4F074-B022-4535-9061-4A9F9E0B40A2}.Release|x86.ActiveCfg = Release|Win32
		{3DE4F074-B022-4535-9061-4A9F9E0B40A2}.Release|x86.Build.0 = Release|Win32
		{D1871403-58DE-4A92-BEDF-A2EA1897138E}.Debug|x64.ActiveCfg = Debug|x64
		{D1871403-58DE-4A92-BEDF-A2EA1897138E}.Debug|x64.Build.0 = Debug|x64
		{D1871403-58DE-4A92-BEDF-A2EA1897138E}.Debug|x86.ActiveCfg = Debug|Win32
		{D1871403-58DE-4A92-BEDF-A2EA1897138E}.Debug|x86.Build.0 = Debug|Win32
		{D1871403-58DE-4A92-BEDF-A2EA1897138E}.Release|x64.ActiveCfg = Release|x64
		{D1871403-58DE-4A92-BEDF-A2EA1897138E}.Release|x64.Build.0 = Release|x64
		{D1871403-58DE-4A92-BEDF-A2EA1897138E}.Release|x86.ActiveCfg = Release|Win32
		{D1871403-58DE-4A92-BEDF-A2EA1897138E}.Release|x86.Build.0 = Release|Win32
		{8E97B271-F4C9-40A8-9D76-0C7C2D1CA2A4}.Debug|x64.ActiveCfg = Debug|x64
		{8E97B271-F4C9-40A8-9D76-0C7C2D1CA2A4}.Debug|x64.Build.0 = Debug|x64
		{8E97B271-F4C9-40A8-9D76-0C7C2D1CA2A4}.Debug|x86.ActiveCfg = Debug|Win32
		{8E97B271-F4C9-40A8-9D76-0C7C2D1CA2A4}.Debug|x86.Build.0 = Debug|Win32
		{8E97B271-F4C9-40A8-9D76-0C7C2D1CA2A4}.Release|x64.ActiveCfg = Release|x64
		{8E97B271-F4C9-40A8-9D76-0C7C2D1CA2A4}.Release|x64.Build.0 = Release|x64
		{8E97B271-F4C9-40A8-9D76-0C7C2D1CA2A4}.Release|x86.ActiveCfg = Release|Win32
		{8E97B271-F4C9-40A8-9D76-0C7C2D1CA2A4}.Release|x86.Build.0 = Release|Win32
		{C82BD99F-2B52-4D40-ACED-84A434101C8A}.Debug|x64.ActiveCfg = Debug|x64
		{C82BD99F-2B52-4D40-ACED-84A434101C8A}.Debug|x64.Build.0 = Debug|x64
		{C82BD99F-2B52-4D40-ACED-84A434101C8A}.Debug|x86.ActiveCfg = Debug|Win32
		{C82BD99F-2B52-4D40-ACED-84A434101C8A}.Debug|x86.Build.0 = Debug|Win32
		{C82BD99F-2B52-4D40-ACED-84A434101C8A}.Release|x64.ActiveCfg = Release|x64
		{C82BD99F-2B52-4D40-ACED-84A434101C8A}.Release|x64.Build.0 = Release|x64
		{C82BD99F-2B52-4D40-ACED-84A434101C8A}.Release|x86.ActiveCfg = Release|Win32
		{C82BD99F-2B52-4D40-ACED-84A434101C8A}.Release|x86.Build.0 = Release|Win32
		{778C344D-0ED0-45FD-9777-D892F2AA48FF}.Debug|x64.ActiveCfg = Debug|x64
		{778C344D-0ED0-45FD-9777-D892F2AA48FF}.Debug|x64.Build.0 = Debug|x64
		{778C344D-0ED0-45FD-9777-D892F2AA48FF}.Debug|x86.ActiveCfg = Debug|Win32
		{778C344D-0ED0-45FD-9777-D892F2AA48FF}.Debug|x86.Build.0 = Debug|Win32
		{778C344D-0ED0-45FD-9777-D892F2AA48FF}.Release|x64.ActiveCfg = Release|x64
		{778C344D-0ED0-45FD-9777-D892F2AA48FF}.Release|x64.Build.0 = Release|x64
		{778C344D-0ED0-45FD-9777-D892F2AA48FF}.Release|x86.ActiveCfg = Release|Win32
		{778C344D-0ED0-45FD-9777-D892F2AA48FF}.Release|x86.Build.0 = Release|Win32
		{9589BE7A-1629-49CC-A593-FBFB0F7BDAD4}.Debug|x64.ActiveCfg = Debug|x64
		{9589BE7A-1629-49CC-A593-FBFB0F7BDAD4}.Debug|x64.Build.0 = Debug|x64
		{9589BE7A-1629-49CC-A593-FBFB0F7BDAD4}.Debug|x86.ActiveCfg = Debug|Win32
		{9589BE7A-1629-49CC-A593-FBFB0F7BDAD4}.Debug|x86.Build.0 = Debug|Win32
		{9589BE7A-1629-49CC-A593-FBFB0F7BDAD4}.Release|x64.ActiveCfg = Release|x64
		{9589BE7A-1629-49CC-A593-FBFB0F7BDAD4}.Release|x64.Build.0 = Release|x64
		{9589BE7A-1629-49CC-A593-FBFB0F7BDAD4}.Release|x86.ActiveCfg = Release|Win32
		{9589BE7A-1629-49CC-A593-FBFB0F7BDAD4}.Release|x86.Build.0 = Release|Win32
		{BC5D9426-81B4-4EC3-8837-A2B76C943E5F}.Debug|x64.ActiveCfg = Debug|x64
		{BC5D9426-81B4-4EC3-8837-A2B76C943E5F}.Debug|x64.Build.0 = Debug|x64
		{BC5D9426-81B4-4EC3-8837-A2B76C943E5F}.Debug|x86.ActiveCfg = Debug|Win32
		{BC5D9426-81B4-4EC3-8837-A2B76C943E5F}.Debug|x86.Build.0 = Debug|Win32
		{BC5D9426-81B4-4EC3-8837-A2B76C943E5F}.Release|x64.ActiveCfg = Release|x64
		{BC5D9426-81B4-4EC3-8837-A2B76C943E5F}.Release|x64.Build.0 = Release|x64
		{BC5D9426-81B4-4EC3-8837-A2B76C943E5F}.Release|x86.ActiveCfg = Release|Win32
		{BC5D9426-81B4-4EC3-8837-A2B76C943E5F}.Release|x86.Build.0 = Release|Win32
	EndGlobalSection
	GlobalSection(SolutionProperties) = preSolution
		HideSolutionNode = FALSE
	EndGlobalSection
	GlobalSection(ExtensibilityGlobals) = postSolution
		SolutionGuid = {E7BD9CDC-1284-459F-AD3F-7FDC41B2D9B6}
	EndGlobalSection
EndGlobal
