
Microsoft Visual Studio Solution File, Format Version 12.00
# Visual Studio Version 17
VisualStudioVersion = 17.3.32901.215
MinimumVisualStudioVersion = 10.0.40219.1
Project("{8BC9CEB8-8B4A-11D0-8D11-00A0C91BC942}") = "Task1", "Task1\Task1.vcxproj", "{5F6698D1-5984-4CE9-A36F-F4E788A71A7C}"
EndProject
Project("{8BC9CEB8-8B4A-11D0-8D11-00A0C91BC942}") = "Task2", "Task2\Task2.vcxproj", "{92025EB5-8FCA-4C30-92D5-194FC722BF87}"
EndProject
Project("{8BC9CEB8-8B4A-11D0-8D11-00A0C91BC942}") = "Task3", "Task3\Task3.vcxproj", "{BE5EB04B-1BDC-4AD6-9FFB-A2A388D0502D}"
EndProject
Project("{8BC9CEB8-8B4A-11D0-8D11-00A0C91BC942}") = "Task4", "Task4\Task4.vcxproj", "{F21F22F0-FA1A-4DCA-860B-33E9CF3069CE}"
EndProject
Project("{8BC9CEB8-8B4A-11D0-8D11-00A0C91BC942}") = "Task5", "Task5\Task5.vcxproj", "{BAFD6057-E00F-4658-8674-49673FE1BAC9}"
EndProject
Global
	GlobalSection(SolutionConfigurationPlatforms) = preSolution
		Debug|x64 = Debug|x64
		Debug|x86 = Debug|x86
		Release|x64 = Release|x64
		Release|x86 = Release|x86
	EndGlobalSection
	GlobalSection(ProjectConfigurationPlatforms) = postSolution
		{5F6698D1-5984-4CE9-A36F-F4E788A71A7C}.Debug|x64.ActiveCfg = Debug|x64
		{5F6698D1-5984-4CE9-A36F-F4E788A71A7C}.Debug|x64.Build.0 = Debug|x64
		{5F6698D1-5984-4CE9-A36F-F4E788A71A7C}.Debug|x86.ActiveCfg = Debug|Win32
		{5F6698D1-5984-4CE9-A36F-F4E788A71A7C}.Debug|x86.Build.0 = Debug|Win32
		{5F6698D1-5984-4CE9-A36F-F4E788A71A7C}.Release|x64.ActiveCfg = Release|x64
		{5F6698D1-5984-4CE9-A36F-F4E788A71A7C}.Release|x64.Build.0 = Release|x64
		{5F6698D1-5984-4CE9-A36F-F4E788A71A7C}.Release|x86.ActiveCfg = Release|Win32
		{5F6698D1-5984-4CE9-A36F-F4E788A71A7C}.Release|x86.Build.0 = Release|Win32
		{92025EB5-8FCA-4C30-92D5-194FC722BF87}.Debug|x64.ActiveCfg = Debug|x64
		{92025EB5-8FCA-4C30-92D5-194FC722BF87}.Debug|x64.Build.0 = Debug|x64
		{92025EB5-8FCA-4C30-92D5-194FC722BF87}.Debug|x86.ActiveCfg = Debug|Win32
		{92025EB5-8FCA-4C30-92D5-194FC722BF87}.Debug|x86.Build.0 = Debug|Win32
		{92025EB5-8FCA-4C30-92D5-194FC722BF87}.Release|x64.ActiveCfg = Release|x64
		{92025EB5-8FCA-4C30-92D5-194FC722BF87}.Release|x64.Build.0 = Release|x64
		{92025EB5-8FCA-4C30-92D5-194FC722BF87}.Release|x86.ActiveCfg = Release|Win32
		{92025EB5-8FCA-4C30-92D5-194FC722BF87}.Release|x86.Build.0 = Release|Win32
		{BE5EB04B-1BDC-4AD6-9FFB-A2A388D0502D}.Debug|x64.ActiveCfg = Debug|x64
		{BE5EB04B-1BDC-4AD6-9FFB-A2A388D0502D}.Debug|x64.Build.0 = Debug|x64
		{BE5EB04B-1BDC-4AD6-9FFB-A2A388D0502D}.Debug|x86.ActiveCfg = Debug|Win32
		{BE5EB04B-1BDC-4AD6-9FFB-A2A388D0502D}.Debug|x86.Build.0 = Debug|Win32
		{BE5EB04B-1BDC-4AD6-9FFB-A2A388D0502D}.Release|x64.ActiveCfg = Release|x64
		{BE5EB04B-1BDC-4AD6-9FFB-A2A388D0502D}.Release|x64.Build.0 = Release|x64
		{BE5EB04B-1BDC-4AD6-9FFB-A2A388D0502D}.Release|x86.ActiveCfg = Release|Win32
		{BE5EB04B-1BDC-4AD6-9FFB-A2A388D0502D}.Release|x86.Build.0 = Release|Win32
		{F21F22F0-FA1A-4DCA-860B-33E9CF3069CE}.Debug|x64.ActiveCfg = Debug|x64
		{F21F22F0-FA1A-4DCA-860B-33E9CF3069CE}.Debug|x64.Build.0 = Debug|x64
		{F21F22F0-FA1A-4DCA-860B-33E9CF3069CE}.Debug|x86.ActiveCfg = Debug|Win32
		{F21F22F0-FA1A-4DCA-860B-33E9CF3069CE}.Debug|x86.Build.0 = Debug|Win32
		{F21F22F0-FA1A-4DCA-860B-33E9CF3069CE}.Release|x64.ActiveCfg = Release|x64
		{F21F22F0-FA1A-4DCA-860B-33E9CF3069CE}.Release|x64.Build.0 = Release|x64
		{F21F22F0-FA1A-4DCA-860B-33E9CF3069CE}.Release|x86.ActiveCfg = Release|Win32
		{F21F22F0-FA1A-4DCA-860B-33E9CF3069CE}.Release|x86.Build.0 = Release|Win32
		{BAFD6057-E00F-4658-8674-49673FE1BAC9}.Debug|x64.ActiveCfg = Debug|x64
		{BAFD6057-E00F-4658-8674-49673FE1BAC9}.Debug|x64.Build.0 = Debug|x64
		{BAFD6057-E00F-4658-8674-49673FE1BAC9}.Debug|x86.ActiveCfg = Debug|Win32
		{BAFD6057-E00F-4658-8674-49673FE1BAC9}.Debug|x86.Build.0 = Debug|Win32
		{BAFD6057-E00F-4658-8674-49673FE1BAC9}.Release|x64.ActiveCfg = Release|x64
		{BAFD6057-E00F-4658-8674-49673FE1BAC9}.Release|x64.Build.0 = Release|x64
		{BAFD6057-E00F-4658-8674-49673FE1BAC9}.Release|x86.ActiveCfg = Release|Win32
		{BAFD6057-E00F-4658-8674-49673FE1BAC9}.Release|x86.Build.0 = Release|Win32
	EndGlobalSection
	GlobalSection(SolutionProperties) = preSolution
		HideSolutionNode = FALSE
	EndGlobalSection
	GlobalSection(ExtensibilityGlobals) = postSolution
		SolutionGuid = {B802EEF3-5F41-4A15-8B86-50D47B2EF51C}
	EndGlobalSection
EndGlobal
