
Microsoft Visual Studio Solution File, Format Version 12.00
# Visual Studio Version 17
VisualStudioVersion = 17.3.32901.215
MinimumVisualStudioVersion = 10.0.40219.1
Project("{8BC9CEB8-8B4A-11D0-8D11-00A0C91BC942}") = "Task1", "Task1\Task1.vcxproj", "{C6BFB301-6443-4CD4-9403-FD80008DE504}"
EndProject
Project("{8BC9CEB8-8B4A-11D0-8D11-00A0C91BC942}") = "Task2", "Task2\Task2.vcxproj", "{AE138CFD-A1C9-4E93-A519-98757E33FE21}"
EndProject
Project("{8BC9CEB8-8B4A-11D0-8D11-00A0C91BC942}") = "Task3", "Task3\Task3.vcxproj", "{184293F6-B03D-4ED9-A91E-2E3DCE3E3838}"
EndProject
Project("{8BC9CEB8-8B4A-11D0-8D11-00A0C91BC942}") = "Task4", "Task4\Task4.vcxproj", "{E0DFD8AE-EFEF-47E4-AD43-D0B9D7DE4453}"
EndProject
Project("{8BC9CEB8-8B4A-11D0-8D11-00A0C91BC942}") = "Task5", "Task5\Task5.vcxproj", "{E5123093-8D04-4D27-AC5C-8B18C1311E73}"
EndProject
Project("{8BC9CEB8-8B4A-11D0-8D11-00A0C91BC942}") = "Task6", "Task6\Task6.vcxproj", "{99ACC305-166E-4678-A904-69593A862A24}"
EndProject
Project("{8BC9CEB8-8B4A-11D0-8D11-00A0C91BC942}") = "Task7", "Task7\Task7.vcxproj", "{66DEBC2E-94EE-491C-B232-F3289547D8F5}"
EndProject
Project("{8BC9CEB8-8B4A-11D0-8D11-00A0C91BC942}") = "Task8", "Task8\Task8.vcxproj", "{E5B28024-08F7-4B3C-86DA-2AE019F7C651}"
EndProject
Project("{8BC9CEB8-8B4A-11D0-8D11-00A0C91BC942}") = "Task9", "Task9\Task9.vcxproj", "{9EAFB5D5-2CA9-4095-806D-2377BEB00728}"
EndProject
Project("{8BC9CEB8-8B4A-11D0-8D11-00A0C91BC942}") = "Task10", "Task10\Task10.vcxproj", "{FBEB5F19-91F6-42DA-85BB-1D59604E5F53}"
EndProject
Global
	GlobalSection(SolutionConfigurationPlatforms) = preSolution
		Debug|x64 = Debug|x64
		Debug|x86 = Debug|x86
		Release|x64 = Release|x64
		Release|x86 = Release|x86
	EndGlobalSection
	GlobalSection(ProjectConfigurationPlatforms) = postSolution
		{C6BFB301-6443-4CD4-9403-FD80008DE504}.Debug|x64.ActiveCfg = Debug|x64
		{C6BFB301-6443-4CD4-9403-FD80008DE504}.Debug|x64.Build.0 = Debug|x64
		{C6BFB301-6443-4CD4-9403-FD80008DE504}.Debug|x86.ActiveCfg = Debug|Win32
		{C6BFB301-6443-4CD4-9403-FD80008DE504}.Debug|x86.Build.0 = Debug|Win32
		{C6BFB301-6443-4CD4-9403-FD80008DE504}.Release|x64.ActiveCfg = Release|x64
		{C6BFB301-6443-4CD4-9403-FD80008DE504}.Release|x64.Build.0 = Release|x64
		{C6BFB301-6443-4CD4-9403-FD80008DE504}.Release|x86.ActiveCfg = Release|Win32
		{C6BFB301-6443-4CD4-9403-FD80008DE504}.Release|x86.Build.0 = Release|Win32
		{AE138CFD-A1C9-4E93-A519-98757E33FE21}.Debug|x64.ActiveCfg = Debug|x64
		{AE138CFD-A1C9-4E93-A519-98757E33FE21}.Debug|x64.Build.0 = Debug|x64
		{AE138CFD-A1C9-4E93-A519-98757E33FE21}.Debug|x86.ActiveCfg = Debug|Win32
		{AE138CFD-A1C9-4E93-A519-98757E33FE21}.Debug|x86.Build.0 = Debug|Win32
		{AE138CFD-A1C9-4E93-A519-98757E33FE21}.Release|x64.ActiveCfg = Release|x64
		{AE138CFD-A1C9-4E93-A519-98757E33FE21}.Release|x64.Build.0 = Release|x64
		{AE138CFD-A1C9-4E93-A519-98757E33FE21}.Release|x86.ActiveCfg = Release|Win32
		{AE138CFD-A1C9-4E93-A519-98757E33FE21}.Release|x86.Build.0 = Release|Win32
		{184293F6-B03D-4ED9-A91E-2E3DCE3E3838}.Debug|x64.ActiveCfg = Debug|x64
		{184293F6-B03D-4ED9-A91E-2E3DCE3E3838}.Debug|x64.Build.0 = Debug|x64
		{184293F6-B03D-4ED9-A91E-2E3DCE3E3838}.Debug|x86.ActiveCfg = Debug|Win32
		{184293F6-B03D-4ED9-A91E-2E3DCE3E3838}.Debug|x86.Build.0 = Debug|Win32
		{184293F6-B03D-4ED9-A91E-2E3DCE3E3838}.Release|x64.ActiveCfg = Release|x64
		{184293F6-B03D-4ED9-A91E-2E3DCE3E3838}.Release|x64.Build.0 = Release|x64
		{184293F6-B03D-4ED9-A91E-2E3DCE3E3838}.Release|x86.ActiveCfg = Release|Win32
		{184293F6-B03D-4ED9-A91E-2E3DCE3E3838}.Release|x86.Build.0 = Release|Win32
		{E0DFD8AE-EFEF-47E4-AD43-D0B9D7DE4453}.Debug|x64.ActiveCfg = Debug|x64
		{E0DFD8AE-EFEF-47E4-AD43-D0B9D7DE4453}.Debug|x64.Build.0 = Debug|x64
		{E0DFD8AE-EFEF-47E4-AD43-D0B9D7DE4453}.Debug|x86.ActiveCfg = Debug|Win32
		{E0DFD8AE-EFEF-47E4-AD43-D0B9D7DE4453}.Debug|x86.Build.0 = Debug|Win32
		{E0DFD8AE-EFEF-47E4-AD43-D0B9D7DE4453}.Release|x64.ActiveCfg = Release|x64
		{E0DFD8AE-EFEF-47E4-AD43-D0B9D7DE4453}.Release|x64.Build.0 = Release|x64
		{E0DFD8AE-EFEF-47E4-AD43-D0B9D7DE4453}.Release|x86.ActiveCfg = Release|Win32
		{E0DFD8AE-EFEF-47E4-AD43-D0B9D7DE4453}.Release|x86.Build.0 = Release|Win32
		{E5123093-8D04-4D27-AC5C-8B18C1311E73}.Debug|x64.ActiveCfg = Debug|x64
		{E5123093-8D04-4D27-AC5C-8B18C1311E73}.Debug|x64.Build.0 = Debug|x64
		{E5123093-8D04-4D27-AC5C-8B18C1311E73}.Debug|x86.ActiveCfg = Debug|Win32
		{E5123093-8D04-4D27-AC5C-8B18C1311E73}.Debug|x86.Build.0 = Debug|Win32
		{E5123093-8D04-4D27-AC5C-8B18C1311E73}.Release|x64.ActiveCfg = Release|x64
		{E5123093-8D04-4D27-AC5C-8B18C1311E73}.Release|x64.Build.0 = Release|x64
		{E5123093-8D04-4D27-AC5C-8B18C1311E73}.Release|x86.ActiveCfg = Release|Win32
		{E5123093-8D04-4D27-AC5C-8B18C1311E73}.Release|x86.Build.0 = Release|Win32
		{99ACC305-166E-4678-A904-69593A862A24}.Debug|x64.ActiveCfg = Debug|x64
		{99ACC305-166E-4678-A904-69593A862A24}.Debug|x64.Build.0 = Debug|x64
		{99ACC305-166E-4678-A904-69593A862A24}.Debug|x86.ActiveCfg = Debug|Win32
		{99ACC305-166E-4678-A904-69593A862A24}.Debug|x86.Build.0 = Debug|Win32
		{99ACC305-166E-4678-A904-69593A862A24}.Release|x64.ActiveCfg = Release|x64
		{99ACC305-166E-4678-A904-69593A862A24}.Release|x64.Build.0 = Release|x64
		{99ACC305-166E-4678-A904-69593A862A24}.Release|x86.ActiveCfg = Release|Win32
		{99ACC305-166E-4678-A904-69593A862A24}.Release|x86.Build.0 = Release|Win32
		{66DEBC2E-94EE-491C-B232-F3289547D8F5}.Debug|x64.ActiveCfg = Debug|x64
		{66DEBC2E-94EE-491C-B232-F3289547D8F5}.Debug|x64.Build.0 = Debug|x64
		{66DEBC2E-94EE-491C-B232-F3289547D8F5}.Debug|x86.ActiveCfg = Debug|Win32
		{66DEBC2E-94EE-491C-B232-F3289547D8F5}.Debug|x86.Build.0 = Debug|Win32
		{66DEBC2E-94EE-491C-B232-F3289547D8F5}.Release|x64.ActiveCfg = Release|x64
		{66DEBC2E-94EE-491C-B232-F3289547D8F5}.Release|x64.Build.0 = Release|x64
		{66DEBC2E-94EE-491C-B232-F3289547D8F5}.Release|x86.ActiveCfg = Release|Win32
		{66DEBC2E-94EE-491C-B232-F3289547D8F5}.Release|x86.Build.0 = Release|Win32
		{E5B28024-08F7-4B3C-86DA-2AE019F7C651}.Debug|x64.ActiveCfg = Debug|x64
		{E5B28024-08F7-4B3C-86DA-2AE019F7C651}.Debug|x64.Build.0 = Debug|x64
		{E5B28024-08F7-4B3C-86DA-2AE019F7C651}.Debug|x86.ActiveCfg = Debug|Win32
		{E5B28024-08F7-4B3C-86DA-2AE019F7C651}.Debug|x86.Build.0 = Debug|Win32
		{E5B28024-08F7-4B3C-86DA-2AE019F7C651}.Release|x64.ActiveCfg = Release|x64
		{E5B28024-08F7-4B3C-86DA-2AE019F7C651}.Release|x64.Build.0 = Release|x64
		{E5B28024-08F7-4B3C-86DA-2AE019F7C651}.Release|x86.ActiveCfg = Release|Win32
		{E5B28024-08F7-4B3C-86DA-2AE019F7C651}.Release|x86.Build.0 = Release|Win32
		{9EAFB5D5-2CA9-4095-806D-2377BEB00728}.Debug|x64.ActiveCfg = Debug|x64
		{9EAFB5D5-2CA9-4095-806D-2377BEB00728}.Debug|x64.Build.0 = Debug|x64
		{9EAFB5D5-2CA9-4095-806D-2377BEB00728}.Debug|x86.ActiveCfg = Debug|Win32
		{9EAFB5D5-2CA9-4095-806D-2377BEB00728}.Debug|x86.Build.0 = Debug|Win32
		{9EAFB5D5-2CA9-4095-806D-2377BEB00728}.Release|x64.ActiveCfg = Release|x64
		{9EAFB5D5-2CA9-4095-806D-2377BEB00728}.Release|x64.Build.0 = Release|x64
		{9EAFB5D5-2CA9-4095-806D-2377BEB00728}.Release|x86.ActiveCfg = Release|Win32
		{9EAFB5D5-2CA9-4095-806D-2377BEB00728}.Release|x86.Build.0 = Release|Win32
		{FBEB5F19-91F6-42DA-85BB-1D59604E5F53}.Debug|x64.ActiveCfg = Debug|x64
		{FBEB5F19-91F6-42DA-85BB-1D59604E5F53}.Debug|x64.Build.0 = Debug|x64
		{FBEB5F19-91F6-42DA-85BB-1D59604E5F53}.Debug|x86.ActiveCfg = Debug|Win32
		{FBEB5F19-91F6-42DA-85BB-1D59604E5F53}.Debug|x86.Build.0 = Debug|Win32
		{FBEB5F19-91F6-42DA-85BB-1D59604E5F53}.Release|x64.ActiveCfg = Release|x64
		{FBEB5F19-91F6-42DA-85BB-1D59604E5F53}.Release|x64.Build.0 = Release|x64
		{FBEB5F19-91F6-42DA-85BB-1D59604E5F53}.Release|x86.ActiveCfg = Release|Win32
		{FBEB5F19-91F6-42DA-85BB-1D59604E5F53}.Release|x86.Build.0 = Release|Win32
	EndGlobalSection
	GlobalSection(SolutionProperties) = preSolution
		HideSolutionNode = FALSE
	EndGlobalSection
	GlobalSection(ExtensibilityGlobals) = postSolution
		SolutionGuid = {F13F18FE-6D0F-458D-B4D8-8E47789E46BD}
	EndGlobalSection
EndGlobal
