
Microsoft Visual Studio Solution File, Format Version 12.00
# Visual Studio Version 17
VisualStudioVersion = 17.3.32901.215
MinimumVisualStudioVersion = 10.0.40219.1
Project("{8BC9CEB8-8B4A-11D0-8D11-00A0C91BC942}") = "Task1", "Task1\Task1.vcxproj", "{A4E00EE4-359C-4A19-A148-BC252855582E}"
EndProject
Project("{8BC9CEB8-8B4A-11D0-8D11-00A0C91BC942}") = "Task2", "Task2\Task2.vcxproj", "{4C971C30-A0FA-44D5-8DAC-38214D3EAC3D}"
EndProject
Project("{8BC9CEB8-8B4A-11D0-8D11-00A0C91BC942}") = "Task3", "Task3\Task3.vcxproj", "{DA7F93F4-70BC-4CDB-A0CA-4BB3C7E3699C}"
EndProject
Project("{8BC9CEB8-8B4A-11D0-8D11-00A0C91BC942}") = "Task4", "Task4\Task4.vcxproj", "{97D47B1D-5276-45D3-B049-363A4D759982}"
EndProject
Project("{8BC9CEB8-8B4A-11D0-8D11-00A0C91BC942}") = "Task5", "Task5\Task5.vcxproj", "{26A49668-E97D-4850-9A0D-9E34866041CD}"
EndProject
Project("{8BC9CEB8-8B4A-11D0-8D11-00A0C91BC942}") = "Task6", "Task6\Task6.vcxproj", "{03729B13-0E88-4846-9199-1596AFD6B7B3}"
EndProject
Project("{8BC9CEB8-8B4A-11D0-8D11-00A0C91BC942}") = "Task7", "Task7\Task7.vcxproj", "{F7E7382E-714B-4B37-A95B-78D454AC1E9D}"
EndProject
Project("{8BC9CEB8-8B4A-11D0-8D11-00A0C91BC942}") = "Task8", "Task8\Task8.vcxproj", "{964E9F6C-017C-42F4-A2E9-275C1E62B472}"
EndProject
Project("{8BC9CEB8-8B4A-11D0-8D11-00A0C91BC942}") = "Task9", "Task9\Task9.vcxproj", "{C9518B5A-979C-4229-BA4B-5488E2C2C700}"
EndProject
Project("{8BC9CEB8-8B4A-11D0-8D11-00A0C91BC942}") = "Task10", "Task10\Task10.vcxproj", "{126E665D-1DE8-45BD-B70C-9D1E13B81153}"
EndProject
Global
	GlobalSection(SolutionConfigurationPlatforms) = preSolution
		Debug|x64 = Debug|x64
		Debug|x86 = Debug|x86
		Release|x64 = Release|x64
		Release|x86 = Release|x86
	EndGlobalSection
	GlobalSection(ProjectConfigurationPlatforms) = postSolution
		{A4E00EE4-359C-4A19-A148-BC252855582E}.Debug|x64.ActiveCfg = Debug|x64
		{A4E00EE4-359C-4A19-A148-BC252855582E}.Debug|x64.Build.0 = Debug|x64
		{A4E00EE4-359C-4A19-A148-BC252855582E}.Debug|x86.ActiveCfg = Debug|Win32
		{A4E00EE4-359C-4A19-A148-BC252855582E}.Debug|x86.Build.0 = Debug|Win32
		{A4E00EE4-359C-4A19-A148-BC252855582E}.Release|x64.ActiveCfg = Release|x64
		{A4E00EE4-359C-4A19-A148-BC252855582E}.Release|x64.Build.0 = Release|x64
		{A4E00EE4-359C-4A19-A148-BC252855582E}.Release|x86.ActiveCfg = Release|Win32
		{A4E00EE4-359C-4A19-A148-BC252855582E}.Release|x86.Build.0 = Release|Win32
		{4C971C30-A0FA-44D5-8DAC-38214D3EAC3D}.Debug|x64.ActiveCfg = Debug|x64
		{4C971C30-A0FA-44D5-8DAC-38214D3EAC3D}.Debug|x64.Build.0 = Debug|x64
		{4C971C30-A0FA-44D5-8DAC-38214D3EAC3D}.Debug|x86.ActiveCfg = Debug|Win32
		{4C971C30-A0FA-44D5-8DAC-38214D3EAC3D}.Debug|x86.Build.0 = Debug|Win32
		{4C971C30-A0FA-44D5-8DAC-38214D3EAC3D}.Release|x64.ActiveCfg = Release|x64
		{4C971C30-A0FA-44D5-8DAC-38214D3EAC3D}.Release|x64.Build.0 = Release|x64
		{4C971C30-A0FA-44D5-8DAC-38214D3EAC3D}.Release|x86.ActiveCfg = Release|Win32
		{4C971C30-A0FA-44D5-8DAC-38214D3EAC3D}.Release|x86.Build.0 = Release|Win32
		{DA7F93F4-70BC-4CDB-A0CA-4BB3C7E3699C}.Debug|x64.ActiveCfg = Debug|x64
		{DA7F93F4-70BC-4CDB-A0CA-4BB3C7E3699C}.Debug|x64.Build.0 = Debug|x64
		{DA7F93F4-70BC-4CDB-A0CA-4BB3C7E3699C}.Debug|x86.ActiveCfg = Debug|Win32
		{DA7F93F4-70BC-4CDB-A0CA-4BB3C7E3699C}.Debug|x86.Build.0 = Debug|Win32
		{DA7F93F4-70BC-4CDB-A0CA-4BB3C7E3699C}.Release|x64.ActiveCfg = Release|x64
		{DA7F93F4-70BC-4CDB-A0CA-4BB3C7E3699C}.Release|x64.Build.0 = Release|x64
		{DA7F93F4-70BC-4CDB-A0CA-4BB3C7E3699C}.Release|x86.ActiveCfg = Release|Win32
		{DA7F93F4-70BC-4CDB-A0CA-4BB3C7E3699C}.Release|x86.Build.0 = Release|Win32
		{97D47B1D-5276-45D3-B049-363A4D759982}.Debug|x64.ActiveCfg = Debug|x64
		{97D47B1D-5276-45D3-B049-363A4D759982}.Debug|x64.Build.0 = Debug|x64
		{97D47B1D-5276-45D3-B049-363A4D759982}.Debug|x86.ActiveCfg = Debug|Win32
		{97D47B1D-5276-45D3-B049-363A4D759982}.Debug|x86.Build.0 = Debug|Win32
		{97D47B1D-5276-45D3-B049-363A4D759982}.Release|x64.ActiveCfg = Release|x64
		{97D47B1D-5276-45D3-B049-363A4D759982}.Release|x64.Build.0 = Release|x64
		{97D47B1D-5276-45D3-B049-363A4D759982}.Release|x86.ActiveCfg = Release|Win32
		{97D47B1D-5276-45D3-B049-363A4D759982}.Release|x86.Build.0 = Release|Win32
		{26A49668-E97D-4850-9A0D-9E34866041CD}.Debug|x64.ActiveCfg = Debug|x64
		{26A49668-E97D-4850-9A0D-9E34866041CD}.Debug|x64.Build.0 = Debug|x64
		{26A49668-E97D-4850-9A0D-9E34866041CD}.Debug|x86.ActiveCfg = Debug|Win32
		{26A49668-E97D-4850-9A0D-9E34866041CD}.Debug|x86.Build.0 = Debug|Win32
		{26A49668-E97D-4850-9A0D-9E34866041CD}.Release|x64.ActiveCfg = Release|x64
		{26A49668-E97D-4850-9A0D-9E34866041CD}.Release|x64.Build.0 = Release|x64
		{26A49668-E97D-4850-9A0D-9E34866041CD}.Release|x86.ActiveCfg = Release|Win32
		{26A49668-E97D-4850-9A0D-9E34866041CD}.Release|x86.Build.0 = Release|Win32
		{03729B13-0E88-4846-9199-1596AFD6B7B3}.Debug|x64.ActiveCfg = Debug|x64
		{03729B13-0E88-4846-9199-1596AFD6B7B3}.Debug|x64.Build.0 = Debug|x64
		{03729B13-0E88-4846-9199-1596AFD6B7B3}.Debug|x86.ActiveCfg = Debug|Win32
		{03729B13-0E88-4846-9199-1596AFD6B7B3}.Debug|x86.Build.0 = Debug|Win32
		{03729B13-0E88-4846-9199-1596AFD6B7B3}.Release|x64.ActiveCfg = Release|x64
		{03729B13-0E88-4846-9199-1596AFD6B7B3}.Release|x64.Build.0 = Release|x64
		{03729B13-0E88-4846-9199-1596AFD6B7B3}.Release|x86.ActiveCfg = Release|Win32
		{03729B13-0E88-4846-9199-1596AFD6B7B3}.Release|x86.Build.0 = Release|Win32
		{F7E7382E-714B-4B37-A95B-78D454AC1E9D}.Debug|x64.ActiveCfg = Debug|x64
		{F7E7382E-714B-4B37-A95B-78D454AC1E9D}.Debug|x64.Build.0 = Debug|x64
		{F7E7382E-714B-4B37-A95B-78D454AC1E9D}.Debug|x86.ActiveCfg = Debug|Win32
		{F7E7382E-714B-4B37-A95B-78D454AC1E9D}.Debug|x86.Build.0 = Debug|Win32
		{F7E7382E-714B-4B37-A95B-78D454AC1E9D}.Release|x64.ActiveCfg = Release|x64
		{F7E7382E-714B-4B37-A95B-78D454AC1E9D}.Release|x64.Build.0 = Release|x64
		{F7E7382E-714B-4B37-A95B-78D454AC1E9D}.Release|x86.ActiveCfg = Release|Win32
		{F7E7382E-714B-4B37-A95B-78D454AC1E9D}.Release|x86.Build.0 = Release|Win32
		{964E9F6C-017C-42F4-A2E9-275C1E62B472}.Debug|x64.ActiveCfg = Debug|x64
		{964E9F6C-017C-42F4-A2E9-275C1E62B472}.Debug|x64.Build.0 = Debug|x64
		{964E9F6C-017C-42F4-A2E9-275C1E62B472}.Debug|x86.ActiveCfg = Debug|Win32
		{964E9F6C-017C-42F4-A2E9-275C1E62B472}.Debug|x86.Build.0 = Debug|Win32
		{964E9F6C-017C-42F4-A2E9-275C1E62B472}.Release|x64.ActiveCfg = Release|x64
		{964E9F6C-017C-42F4-A2E9-275C1E62B472}.Release|x64.Build.0 = Release|x64
		{964E9F6C-017C-42F4-A2E9-275C1E62B472}.Release|x86.ActiveCfg = Release|Win32
		{964E9F6C-017C-42F4-A2E9-275C1E62B472}.Release|x86.Build.0 = Release|Win32
		{C9518B5A-979C-4229-BA4B-5488E2C2C700}.Debug|x64.ActiveCfg = Debug|x64
		{C9518B5A-979C-4229-BA4B-5488E2C2C700}.Debug|x64.Build.0 = Debug|x64
		{C9518B5A-979C-4229-BA4B-5488E2C2C700}.Debug|x86.ActiveCfg = Debug|Win32
		{C9518B5A-979C-4229-BA4B-5488E2C2C700}.Debug|x86.Build.0 = Debug|Win32
		{C9518B5A-979C-4229-BA4B-5488E2C2C700}.Release|x64.ActiveCfg = Release|x64
		{C9518B5A-979C-4229-BA4B-5488E2C2C700}.Release|x64.Build.0 = Release|x64
		{C9518B5A-979C-4229-BA4B-5488E2C2C700}.Release|x86.ActiveCfg = Release|Win32
		{C9518B5A-979C-4229-BA4B-5488E2C2C700}.Release|x86.Build.0 = Release|Win32
		{126E665D-1DE8-45BD-B70C-9D1E13B81153}.Debug|x64.ActiveCfg = Debug|x64
		{126E665D-1DE8-45BD-B70C-9D1E13B81153}.Debug|x64.Build.0 = Debug|x64
		{126E665D-1DE8-45BD-B70C-9D1E13B81153}.Debug|x86.ActiveCfg = Debug|Win32
		{126E665D-1DE8-45BD-B70C-9D1E13B81153}.Debug|x86.Build.0 = Debug|Win32
		{126E665D-1DE8-45BD-B70C-9D1E13B81153}.Release|x64.ActiveCfg = Release|x64
		{126E665D-1DE8-45BD-B70C-9D1E13B81153}.Release|x64.Build.0 = Release|x64
		{126E665D-1DE8-45BD-B70C-9D1E13B81153}.Release|x86.ActiveCfg = Release|Win32
		{126E665D-1DE8-45BD-B70C-9D1E13B81153}.Release|x86.Build.0 = Release|Win32
	EndGlobalSection
	GlobalSection(SolutionProperties) = preSolution
		HideSolutionNode = FALSE
	EndGlobalSection
	GlobalSection(ExtensibilityGlobals) = postSolution
		SolutionGuid = {2DA7DFE4-BD74-4B3F-A071-9DC64432B6C2}
	EndGlobalSection
EndGlobal
